
Microsoft Visual Studio Solution File, Format Version 12.00
# Visual Studio Version 17
VisualStudioVersion = 17.4.33205.214
MinimumVisualStudioVersion = 10.0.40219.1
Project("{FAE04EC0-301F-11D3-BF4B-00C04F79EFBC}") = "AspCoreMvcSingnalR", "AspCoreMvcSingnalR\AspCoreMvcSingnalR.csproj", "{3A96D471-B9F1-4B18-9DA2-224694BE39BE}"
EndProject
Global
	GlobalSection(SolutionConfigurationPlatforms) = preSolution
		Debug|Any CPU = Debug|Any CPU
		Release|Any CPU = Release|Any CPU
	EndGlobalSection
	GlobalSection(ProjectConfigurationPlatforms) = postSolution
		{3A96D471-B9F1-4B18-9DA2-224694BE39BE}.Debug|Any CPU.ActiveCfg = Debug|Any CPU
		{3A96D471-B9F1-4B18-9DA2-224694BE39BE}.Debug|Any CPU.Build.0 = Debug|Any CPU
		{3A96D471-B9F1-4B18-9DA2-224694BE39BE}.Release|Any CPU.ActiveCfg = Release|Any CPU
		{3A96D471-B9F1-4B18-9DA2-224694BE39BE}.Release|Any CPU.Build.0 = Release|Any CPU
	EndGlobalSection
	GlobalSection(SolutionProperties) = preSolution
		HideSolutionNode = FALSE
	EndGlobalSection
	GlobalSection(ExtensibilityGlobals) = postSolution
		SolutionGuid = {38204FEC-1226-40AA-8D52-BCD88E227CE0}
	EndGlobalSection
EndGlobal
